PODS:
  - Capacitor (7.4.4):
    - CapacitorCordova
  - CapacitorCordova (7.4.4)
  - CapacitorKeyboard (7.0.4):
    - Capacitor
  - CapacitorLocalNotifications (7.0.4):
    - Capacitor

DEPENDENCIES:
  - "Capacitor (from `../../node_modules/@capacitor/ios`)"
  - "CapacitorCordova (from `../../node_modules/@capacitor/ios`)"
  - "CapacitorKeyboard (from `../../node_modules/@capacitor/keyboard`)"
  - "CapacitorLocalNotifications (from `../../node_modules/@capacitor/local-notifications`)"

EXTERNAL SOURCES:
  Capacitor:
    :path: "../../node_modules/@capacitor/ios"
  CapacitorCordova:
    :path: "../../node_modules/@capacitor/ios"
  CapacitorKeyboard:
    :path: "../../node_modules/@capacitor/keyboard"
  CapacitorLocalNotifications:
    :path: "../../node_modules/@capacitor/local-notifications"

SPEC CHECKSUMS:
  Capacitor: 358dd1c3fdd71d969547b17e159fd8a7736cb45f
  CapacitorCordova: bf648a636f3c153f652d312ae145fb508b6ffced
  CapacitorKeyboard: 5660c760113bfa48962817a785879373cf5339c3
  CapacitorLocalNotifications: ba2a08bd92887b08f352e6b2db430575cef0cea3

PODFILE CHECKSUM: 22e8e6cbd034eedc38d8979332328b5695c189f8

COCOAPODS: 1.16.2
